
Microsoft Visual Studio Solution File, Format Version 9.00
# Visual Studio 2005
Project("{8BC9CEB8-8B4A-11D0-8D11-00A0C91BC942}") = "memstar", "memstar.vcproj", "{9C6E0E08-A3CF-4497-9505-68B4B6EBF843}"
EndProject
Global
	GlobalSection(SolutionConfigurationPlatforms) = preSolution
		Debug|Win32 = Debug|Win32
		Release|Win32 = Release|Win32
	EndGlobalSection
	GlobalSection(ProjectConfigurationPlatforms) = postSolution
		{9C6E0E08-A3CF-4497-9505-68B4B6EBF843}.Debug|Win32.ActiveCfg = Debug|Win32
		{9C6E0E08-A3CF-4497-9505-68B4B6EBF843}.Debug|Win32.Build.0 = Debug|Win32
		{9C6E0E08-A3CF-4497-9505-68B4B6EBF843}.Release|Win32.ActiveCfg = Release|Win32
		{9C6E0E08-A3CF-4497-9505-68B4B6EBF843}.Release|Win32.Build.0 = Release|Win32
	EndGlobalSection
	GlobalSection(SolutionProperties) = preSolution
		HideSolutionNode = FALSE
	EndGlobalSection
EndGlobal
